
Microsoft Visual Studio Solution File, Format Version 12.00
# Visual Studio Version 16
VisualStudioVersion = 16.0.29709.97
MinimumVisualStudioVersion = 10.0.40219.1
Project("{FAE04EC0-301F-11D3-BF4B-00C04F79EFBC}") = "TgReminderBot", "TgReminderBot\TgReminderBot.csproj", "{5E4992A7-6A78-404C-AE26-E04F00FDE962}"
EndProject
Global
	GlobalSection(SolutionConfigurationPlatforms) = preSolution
		Debug|Any CPU = Debug|Any CPU
		Release|Any CPU = Release|Any CPU
	EndGlobalSection
	GlobalSection(ProjectConfigurationPlatforms) = postSolution
		{5E4992A7-6A78-404C-AE26-E04F00FDE962}.Debug|Any CPU.ActiveCfg = Debug|Any CPU
		{5E4992A7-6A78-404C-AE26-E04F00FDE962}.Debug|Any CPU.Build.0 = Debug|Any CPU
		{5E4992A7-6A78-404C-AE26-E04F00FDE962}.Release|Any CPU.ActiveCfg = Release|Any CPU
		{5E4992A7-6A78-404C-AE26-E04F00FDE962}.Release|Any CPU.Build.0 = Release|Any CPU
	EndGlobalSection
	GlobalSection(SolutionProperties) = preSolution
		HideSolutionNode = FALSE
	EndGlobalSection
	GlobalSection(ExtensibilityGlobals) = postSolution
		SolutionGuid = {EE7CBDB9-EF73-4BEE-B901-3D34FB0F5168}
	EndGlobalSection
EndGlobal
